// !$*UTF8*$!
{
	archiveVersion = 1;
	classes = {
	};
	objectVersion = 46;
	objects = {

/* Begin PBXBuildFile section */
		9D943AC8048C1D3A7227CE25 /* Pods_NewsFeed.framework in Frameworks */ = {isa = PBXBuildFile; fileRef = CFB4183B1DB2D4FD8BD45A27 /* Pods_NewsFeed.framework */; };
		B699B9451F04FA9500C029C4 /* Services.swift in Sources */ = {isa = PBXBuildFile; fileRef = B699B9441F04FA9500C029C4 /* Services.swift */; };
		B699B9471F04FB5A00C029C4 /* Constants.swift in Sources */ = {isa = PBXBuildFile; fileRef = B699B9461F04FB5A00C029C4 /* Constants.swift */; };
		B699B9491F050B9200C029C4 /* NewsListViewController.swift in Sources */ = {isa = PBXBuildFile; fileRef = B699B9481F050B9200C029C4 /* NewsListViewController.swift */; };
		B699B94B1F050EF300C029C4 /* Articles.swift in Sources */ = {isa = PBXBuildFile; fileRef = B699B94A1F050EF300C029C4 /* Articles.swift */; };
		B699B94D1F051BCB00C029C4 /* NewsArticleTableViewCell.swift in Sources */ = {isa = PBXBuildFile; fileRef = B699B94C1F051BCB00C029C4 /* NewsArticleTableViewCell.swift */; };
		B699B94F1F052B3A00C029C4 /* NewsDetails.swift in Sources */ = {isa = PBXBuildFile; fileRef = B699B94E1F052B3A00C029C4 /* NewsDetails.swift */; };
		B699B9511F05313E00C029C4 /* Essentials.swift in Sources */ = {isa = PBXBuildFile; fileRef = B699B9501F05313E00C029C4 /* Essentials.swift */; };
		B6DB279A1F04F095003CBF9E /* AppDelegate.swift in Sources */ = {isa = PBXBuildFile; fileRef = B6DB27991F04F095003CBF9E /* AppDelegate.swift */; };
		B6DB279F1F04F095003CBF9E /* Main.storyboard in Resources */ = {isa = PBXBuildFile; fileRef = B6DB279D1F04F095003CBF9E /* Main.storyboard */; };
		B6DB27A21F04F095003CBF9E /* NewsFeed.xcdatamodeld in Sources */ = {isa = PBXBuildFile; fileRef = B6DB27A01F04F095003CBF9E /* NewsFeed.xcdatamodeld */; };
		B6DB27A41F04F095003CBF9E /* Assets.xcassets in Resources */ = {isa = PBXBuildFile; fileRef = B6DB27A31F04F095003CBF9E /* Assets.xcassets */; };
		B6DB27A71F04F095003CBF9E /* LaunchScreen.storyboard in Resources */ = {isa = PBXBuildFile; fileRef = B6DB27A51F04F095003CBF9E /* LaunchScreen.storyboard */; };
		B6DB27AF1F04F123003CBF9E /* BaseViewController.swift in Sources */ = {isa = PBXBuildFile; fileRef = B6DB27AE1F04F123003CBF9E /* BaseViewController.swift */; };
/* End PBXBuildFile section */

/* Begin PBXFileReference section */
		55B2B3E902A170E39D2899CF /* Pods-NewsFeed.release.xcconfig */ = {isa = PBXFileReference; includeInIndex = 1; lastKnownFileType = text.xcconfig; name = "Pods-NewsFeed.release.xcconfig"; path = "Pods/Target Support Files/Pods-NewsFeed/Pods-NewsFeed.release.xcconfig"; sourceTree = "<group>"; };
		B699B9441F04FA9500C029C4 /* Services.swift */ = {isa = PBXFileReference; fileEncoding = 4; lastKnownFileType = sourcecode.swift; path = Services.swift; sourceTree = "<group>"; };
		B699B9461F04FB5A00C029C4 /* Constants.swift */ = {isa = PBXFileReference; fileEncoding = 4; lastKnownFileType = sourcecode.swift; path = Constants.swift; sourceTree = "<group>"; };
		B699B9481F050B9200C029C4 /* NewsListViewController.swift */ = {isa = PBXFileReference; fileEncoding = 4; lastKnownFileType = sourcecode.swift; path = NewsListViewController.swift; sourceTree = "<group>"; };
		B699B94A1F050EF300C029C4 /* Articles.swift */ = {isa = PBXFileReference; fileEncoding = 4; lastKnownFileType = sourcecode.swift; path = Articles.swift; sourceTree = "<group>"; };
		B699B94C1F051BCB00C029C4 /* NewsArticleTableViewCell.swift */ = {isa = PBXFileReference; fileEncoding = 4; lastKnownFileType = sourcecode.swift; path = NewsArticleTableViewCell.swift; sourceTree = "<group>"; };
		B699B94E1F052B3A00C029C4 /* NewsDetails.swift */ = {isa = PBXFileReference; fileEncoding = 4; lastKnownFileType = sourcecode.swift; path = NewsDetails.swift; sourceTree = "<group>"; };
		B699B9501F05313E00C029C4 /* Essentials.swift */ = {isa = PBXFileReference; fileEncoding = 4; lastKnownFileType = sourcecode.swift; path = Essentials.swift; sourceTree = "<group>"; };
		B6DB27961F04F095003CBF9E /* NewsFeed.app */ = {isa = PBXFileReference; explicitFileType = wrapper.application; includeInIndex = 0; path = NewsFeed.app; sourceTree = BUILT_PRODUCTS_DIR; };
		B6DB27991F04F095003CBF9E /* AppDelegate.swift */ = {isa = PBXFileReference; lastKnownFileType = sourcecode.swift; path = AppDelegate.swift; sourceTree = "<group>"; };
		B6DB279E1F04F095003CBF9E /* Base */ = {isa = PBXFileReference; lastKnownFileType = file.storyboard; name = Base; path = Base.lproj/Main.storyboard; sourceTree = "<group>"; };
		B6DB27A11F04F095003CBF9E /* NewsFeed.xcdatamodel */ = {isa = PBXFileReference; lastKnownFileType = wrapper.xcdatamodel; path = NewsFeed.xcdatamodel; sourceTree = "<group>"; };
		B6DB27A31F04F095003CBF9E /* Assets.xcassets */ = {isa = PBXFileReference; lastKnownFileType = folder.assetcatalog; path = Assets.xcassets; sourceTree = "<group>"; };
		B6DB27A61F04F095003CBF9E /* Base */ = {isa = PBXFileReference; lastKnownFileType = file.storyboard; name = Base; path = Base.lproj/LaunchScreen.storyboard; sourceTree = "<group>"; };
		B6DB27A81F04F095003CBF9E /* Info.plist */ = {isa = PBXFileReference; lastKnownFileType = text.plist.xml; path = Info.plist; sourceTree = "<group>"; };
		B6DB27AE1F04F123003CBF9E /* BaseViewController.swift */ = {isa = PBXFileReference; fileEncoding = 4; lastKnownFileType = sourcecode.swift; path = BaseViewController.swift; sourceTree = "<group>"; };
		CFB4183B1DB2D4FD8BD45A27 /* Pods_NewsFeed.framework */ = {isa = PBXFileReference; explicitFileType = wrapper.framework; includeInIndex = 0; path = Pods_NewsFeed.framework; sourceTree = BUILT_PRODUCTS_DIR; };
		DD6545FEAD1DDD7CC6263595 /* Pods-NewsFeed.debug.xcconfig */ = {isa = PBXFileReference; includeInIndex = 1; lastKnownFileType = text.xcconfig; name = "Pods-NewsFeed.debug.xcconfig"; path = "Pods/Target Support Files/Pods-NewsFeed/Pods-NewsFeed.debug.xcconfig"; sourceTree = "<group>"; };
/* End PBXFileReference section */

/* Begin PBXFrameworksBuildPhase section */
		B6DB27931F04F095003CBF9E /* Frameworks */ = {
			isa = PBXFrameworksBuildPhase;
			buildActionMask = 2147483647;
			files = (
				9D943AC8048C1D3A7227CE25 /* Pods_NewsFeed.framework in Frameworks */,
			);
			runOnlyForDeploymentPostprocessing = 0;
		};
/* End PBXFrameworksBuildPhase section */

/* Begin PBXGroup section */
		1533F64E20559E007B2D9D5B /* Pods */ = {
			isa = PBXGroup;
			children = (
				DD6545FEAD1DDD7CC6263595 /* Pods-NewsFeed.debug.xcconfig */,
				55B2B3E902A170E39D2899CF /* Pods-NewsFeed.release.xcconfig */,
			);
			name = Pods;
			sourceTree = "<group>";
		};
		629D737864E665F5DA8F8A98 /* Frameworks */ = {
			isa = PBXGroup;
			children = (
				CFB4183B1DB2D4FD8BD45A27 /* Pods_NewsFeed.framework */,
			);
			name = Frameworks;
			sourceTree = "<group>";
		};
		B6DB278D1F04F095003CBF9E = {
			isa = PBXGroup;
			children = (
				B6DB27981F04F095003CBF9E /* NewsFeed */,
				B6DB27971F04F095003CBF9E /* Products */,
				1533F64E20559E007B2D9D5B /* Pods */,
				629D737864E665F5DA8F8A98 /* Frameworks */,
			);
			sourceTree = "<group>";
		};
		B6DB27971F04F095003CBF9E /* Products */ = {
			isa = PBXGroup;
			children = (
				B6DB27961F04F095003CBF9E /* NewsFeed.app */,
			);
			name = Products;
			sourceTree = "<group>";
		};
		B6DB27981F04F095003CBF9E /* NewsFeed */ = {
			isa = PBXGroup;
			children = (
				B6DB27B11F04F144003CBF9E /* Model */,
				B6DB27B31F04F153003CBF9E /* View */,
				B6DB27B41F04F158003CBF9E /* Controller */,
				B6DB27A31F04F095003CBF9E /* Assets.xcassets */,
				B6DB27A81F04F095003CBF9E /* Info.plist */,
				B6DB27A01F04F095003CBF9E /* NewsFeed.xcdatamodeld */,
				B6DB27991F04F095003CBF9E /* AppDelegate.swift */,
			);
			path = NewsFeed;
			sourceTree = "<group>";
		};
		B6DB27B11F04F144003CBF9E /* Model */ = {
			isa = PBXGroup;
			children = (
				B699B9441F04FA9500C029C4 /* Services.swift */,
				B699B9461F04FB5A00C029C4 /* Constants.swift */,
				B699B94A1F050EF300C029C4 /* Articles.swift */,
				B699B94C1F051BCB00C029C4 /* NewsArticleTableViewCell.swift */,
				B699B9501F05313E00C029C4 /* Essentials.swift */,
			);
			name = Model;
			sourceTree = "<group>";
		};
		B6DB27B31F04F153003CBF9E /* View */ = {
			isa = PBXGroup;
			children = (
				B6DB279D1F04F095003CBF9E /* Main.storyboard */,
				B6DB27A51F04F095003CBF9E /* LaunchScreen.storyboard */,
			);
			name = View;
			sourceTree = "<group>";
		};
		B6DB27B41F04F158003CBF9E /* Controller */ = {
			isa = PBXGroup;
			children = (
				B6DB27AE1F04F123003CBF9E /* BaseViewController.swift */,
				B699B9481F050B9200C029C4 /* NewsListViewController.swift */,
				B699B94E1F052B3A00C029C4 /* NewsDetails.swift */,
			);
			name = Controller;
			sourceTree = "<group>";
		};
/* End PBXGroup section */

/* Begin PBXNativeTarget section */
		B6DB27951F04F095003CBF9E /* NewsFeed */ = {
			isa = PBXNativeTarget;
			buildConfigurationList = B6DB27AB1F04F095003CBF9E /* Build configuration list for PBXNativeTarget "NewsFeed" */;
			buildPhases = (
				136451CFE355FF2592A1292F /* [CP] Check Pods Manifest.lock */,
				B6DB27921F04F095003CBF9E /* Sources */,
				B6DB27931F04F095003CBF9E /* Frameworks */,
				B6DB27941F04F095003CBF9E /* Resources */,
				99D7C859442C4AB366271595 /* [CP] Embed Pods Frameworks */,
				CC2411D1DDBC2E346F1FED71 /* [CP] Copy Pods Resources */,
			);
			buildRules = (
			);
			dependencies = (
			);
			name = NewsFeed;
			productName = NewsFeed;
			productReference = B6DB27961F04F095003CBF9E /* NewsFeed.app */;
			productType = "com.apple.product-type.application";
		};
/* End PBXNativeTarget section */

/* Begin PBXProject section */
		B6DB278E1F04F095003CBF9E /* Project object */ = {
			isa = PBXProject;
			attributes = {
				LastSwiftUpdateCheck = 0830;
				LastUpgradeCheck = 0830;
				ORGANIZATIONNAME = Joio;
				TargetAttributes = {
					B6DB27951F04F095003CBF9E = {
						CreatedOnToolsVersion = 8.3.3;
						DevelopmentTeam = 8RL6L8B3Q4;
						ProvisioningStyle = Automatic;
					};
				};
			};
			buildConfigurationList = B6DB27911F04F095003CBF9E /* Build configuration list for PBXProject "NewsFeed" */;
			compatibilityVersion = "Xcode 3.2";
			developmentRegion = English;
			hasScannedForEncodings = 0;
			knownRegions = (
				en,
				Base,
			);
			mainGroup = B6DB278D1F04F095003CBF9E;
			productRefGroup = B6DB27971F04F095003CBF9E /* Products */;
			projectDirPath = "";
			projectRoot = "";
			targets = (
				B6DB27951F04F095003CBF9E /* NewsFeed */,
			);
		};
/* End PBXProject section */

/* Begin PBXResourcesBuildPhase section */
		B6DB27941F04F095003CBF9E /* Resources */ = {
			isa = PBXResourcesBuildPhase;
			buildActionMask = 2147483647;
			files = (
				B6DB27A71F04F095003CBF9E /* LaunchScreen.storyboard in Resources */,
				B6DB27A41F04F095003CBF9E /* Assets.xcassets in Resources */,
				B6DB279F1F04F095003CBF9E /* Main.storyboard in Resources */,
			);
			runOnlyForDeploymentPostprocessing = 0;
		};
/* End PBXResourcesBuildPhase section */

/* Begin PBXShellScriptBuildPhase section */
		136451CFE355FF2592A1292F /* [CP] Check Pods Manifest.lock */ = {
			isa = PBXShellScriptBuildPhase;
			buildActionMask = 2147483647;
			files = (
			);
			inputPaths = (
			);
			name = "[CP] Check Pods Manifest.lock";
			outputPaths = (
			);
			runOnlyForDeploymentPostprocessing = 0;
			shellPath = /bin/sh;
			shellScript = "diff \"${PODS_ROOT}/../Podfile.lock\" \"${PODS_ROOT}/Manifest.lock\" > /dev/null\nif [ $? != 0 ] ; then\n    # print error to STDERR\n    echo \"error: The sandbox is not in sync with the Podfile.lock. Run 'pod install' or update your CocoaPods installation.\" >&2\n    exit 1\nfi\n";
			showEnvVarsInLog = 0;
		};
		99D7C859442C4AB366271595 /* [CP] Embed Pods Frameworks */ = {
			isa = PBXShellScriptBuildPhase;
			buildActionMask = 2147483647;
			files = (
			);
			inputPaths = (
			);
			name = "[CP] Embed Pods Frameworks";
			outputPaths = (
			);
			runOnlyForDeploymentPostprocessing = 0;
			shellPath = /bin/sh;
			shellScript = "\"${SRCROOT}/Pods/Target Support Files/Pods-NewsFeed/Pods-NewsFeed-frameworks.sh\"\n";
			showEnvVarsInLog = 0;
		};
		CC2411D1DDBC2E346F1FED71 /* [CP] Copy Pods Resources */ = {
			isa = PBXShellScriptBuildPhase;
			buildActionMask = 2147483647;
			files = (
			);
			inputPaths = (
			);
			name = "[CP] Copy Pods Resources";
			outputPaths = (
			);
			runOnlyForDeploymentPostprocessing = 0;
			shellPath = /bin/sh;
			shellScript = "\"${SRCROOT}/Pods/Target Support Files/Pods-NewsFeed/Pods-NewsFeed-resources.sh\"\n";
			showEnvVarsInLog = 0;
		};
/* End PBXShellScriptBuildPhase section */

/* Begin PBXSourcesBuildPhase section */
		B6DB27921F04F095003CBF9E /* Sources */ = {
			isa = PBXSourcesBuildPhase;
			buildActionMask = 2147483647;
			files = (
				B699B94B1F050EF300C029C4 /* Articles.swift in Sources */,
				B699B9471F04FB5A00C029C4 /* Constants.swift in Sources */,
				B6DB27A21F04F095003CBF9E /* NewsFeed.xcdatamodeld in Sources */,
				B699B9451F04FA9500C029C4 /* Services.swift in Sources */,
				B699B9511F05313E00C029C4 /* Essentials.swift in Sources */,
				B699B9491F050B9200C029C4 /* NewsListViewController.swift in Sources */,
				B699B94F1F052B3A00C029C4 /* NewsDetails.swift in Sources */,
				B699B94D1F051BCB00C029C4 /* NewsArticleTableViewCell.swift in Sources */,
				B6DB279A1F04F095003CBF9E /* AppDelegate.swift in Sources */,
				B6DB27AF1F04F123003CBF9E /* BaseViewController.swift in Sources */,
			);
			runOnlyForDeploymentPostprocessing = 0;
		};
/* End PBXSourcesBuildPhase section */

/* Begin PBXVariantGroup section */
		B6DB279D1F04F095003CBF9E /* Main.storyboard */ = {
			isa = PBXVariantGroup;
			children = (
				B6DB279E1F04F095003CBF9E /* Base */,
			);
			name = Main.storyboard;
			sourceTree = "<group>";
		};
		B6DB27A51F04F095003CBF9E /* LaunchScreen.storyboard */ = {
			isa = PBXVariantGroup;
			children = (
				B6DB27A61F04F095003CBF9E /* Base */,
			);
			name = LaunchScreen.storyboard;
			sourceTree = "<group>";
		};
/* End PBXVariantGroup section */

/* Begin XCBuildConfiguration section */
		B6DB27A91F04F095003CBF9E /* Debug */ = {
			isa = XCBuildConfiguration;
			buildSettings = {
				ALWAYS_SEARCH_USER_PATHS = NO;
				CLANG_ANALYZER_NONNULL = YES;
				CLANG_ANALYZER_NUMBER_OBJECT_CONVERSION = YES_AGGRESSIVE;
				CLANG_CXX_LANGUAGE_STANDARD = "gnu++0x";
				CLANG_CXX_LIBRARY = "libc++";
				CLANG_ENABLE_MODULES = YES;
				CLANG_ENABLE_OBJC_ARC = YES;
				CLANG_WARN_BOOL_CONVERSION = YES;
				CLANG_WARN_CONSTANT_CONVERSION = YES;
				CLANG_WARN_DIRECT_OBJC_ISA_USAGE = YES_ERROR;
				CLANG_WARN_DOCUMENTATION_COMMENTS = YES;
				CLANG_WARN_EMPTY_BODY = YES;
				CLANG_WARN_ENUM_CONVERSION = YES;
				CLANG_WARN_INFINITE_RECURSION = YES;
				CLANG_WARN_INT_CONVERSION = YES;
				CLANG_WARN_OBJC_ROOT_CLASS = YES_ERROR;
				CLANG_WARN_SUSPICIOUS_MOVE = YES;
				CLANG_WARN_UNREACHABLE_CODE = YES;
				CLANG_WARN__DUPLICATE_METHOD_MATCH = YES;
				"CODE_SIGN_IDENTITY[sdk=iphoneos*]" = "iPhone Developer";
				COPY_PHASE_STRIP = NO;
				DEBUG_INFORMATION_FORMAT = dwarf;
				ENABLE_STRICT_OBJC_MSGSEND = YES;
				ENABLE_TESTABILITY = YES;
				GCC_C_LANGUAGE_STANDARD = gnu99;
				GCC_DYNAMIC_NO_PIC = NO;
				GCC_NO_COMMON_BLOCKS = YES;
				GCC_OPTIMIZATION_LEVEL = 0;
				GCC_PREPROCESSOR_DEFINITIONS = (
					"DEBUG=1",
					"$(inherited)",
				);
				GCC_WARN_64_TO_32_BIT_CONVERSION = YES;
				GCC_WARN_ABOUT_RETURN_TYPE = YES_ERROR;
				GCC_WARN_UNDECLARED_SELECTOR = YES;
				GCC_WARN_UNINITIALIZED_AUTOS = YES_AGGRESSIVE;
				GCC_WARN_UNUSED_FUNCTION = YES;
				GCC_WARN_UNUSED_VARIABLE = YES;
				IPHONEOS_DEPLOYMENT_TARGET = 10.3;
				MTL_ENABLE_DEBUG_INFO = YES;
				ONLY_ACTIVE_ARCH = YES;
				SDKROOT = iphoneos;
				SWIFT_ACTIVE_COMPILATION_CONDITIONS = DEBUG;
				SWIFT_OPTIMIZATION_LEVEL = "-Onone";
				TARGETED_DEVICE_FAMILY = "1,2";
			};
			name = Debug;
		};
		B6DB27AA1F04F095003CBF9E /* Release */ = {
			isa = XCBuildConfiguration;
			buildSettings = {
				ALWAYS_SEARCH_USER_PATHS = NO;
				CLANG_ANALYZER_NONNULL = YES;
				CLANG_ANALYZER_NUMBER_OBJECT_CONVERSION = YES_AGGRESSIVE;
				CLANG_CXX_LANGUAGE_STANDARD = "gnu++0x";
				CLANG_CXX_LIBRARY = "libc++";
				CLANG_ENABLE_MODULES = YES;
				CLANG_ENABLE_OBJC_ARC = YES;
				CLANG_WARN_BOOL_CONVERSION = YES;
				CLANG_WARN_CONSTANT_CONVERSION = YES;
				CLANG_WARN_DIRECT_OBJC_ISA_USAGE = YES_ERROR;
				CLANG_WARN_DOCUMENTATION_COMMENTS = YES;
				CLANG_WARN_EMPTY_BODY = YES;
				CLANG_WARN_ENUM_CONVERSION = YES;
				CLANG_WARN_INFINITE_RECURSION = YES;
				CLANG_WARN_INT_CONVERSION = YES;
				CLANG_WARN_OBJC_ROOT_CLASS = YES_ERROR;
				CLANG_WARN_SUSPICIOUS_MOVE = YES;
				CLANG_WARN_UNREACHABLE_CODE = YES;
				CLANG_WARN__DUPLICATE_METHOD_MATCH = YES;
				"CODE_SIGN_IDENTITY[sdk=iphoneos*]" = "iPhone Developer";
				COPY_PHASE_STRIP = NO;
				DEBUG_INFORMATION_FORMAT = "dwarf-with-dsym";
				ENABLE_NS_ASSERTIONS = NO;
				ENABLE_STRICT_OBJC_MSGSEND = YES;
				GCC_C_LANGUAGE_STANDARD = gnu99;
				GCC_NO_COMMON_BLOCKS = YES;
				GCC_WARN_64_TO_32_BIT_CONVERSION = YES;
				GCC_WARN_ABOUT_RETURN_TYPE = YES_ERROR;
				GCC_WARN_UNDECLARED_SELECTOR = YES;
				GCC_WARN_UNINITIALIZED_AUTOS = YES_AGGRESSIVE;
				GCC_WARN_UNUSED_FUNCTION = YES;
				GCC_WARN_UNUSED_VARIABLE = YES;
				IPHONEOS_DEPLOYMENT_TARGET = 10.3;
				MTL_ENABLE_DEBUG_INFO = NO;
				SDKROOT = iphoneos;
				SWIFT_OPTIMIZATION_LEVEL = "-Owholemodule";
				TARGETED_DEVICE_FAMILY = "1,2";
				VALIDATE_PRODUCT = YES;
			};
			name = Release;
		};
		B6DB27AC1F04F095003CBF9E /* Debug */ = {
			isa = XCBuildConfiguration;
			baseConfigurationReference = DD6545FEAD1DDD7CC6263595 /* Pods-NewsFeed.debug.xcconfig */;
			buildSettings = {
				ASSETCATALOG_COMPILER_APPICON_NAME = AppIcon;
				DEVELOPMENT_TEAM = 8RL6L8B3Q4;
				INFOPLIST_FILE = NewsFeed/Info.plist;
				IPHONEOS_DEPLOYMENT_TARGET = 10.0;
				LD_RUNPATH_SEARCH_PATHS = "$(inherited) @executable_path/Frameworks";
				PRODUCT_BUNDLE_IDENTIFIER = com.Chris.TestProject.NewsFeed;
				PRODUCT_NAME = "$(TARGET_NAME)";
				SWIFT_VERSION = 3.0;
			};
			name = Debug;
		};
		B6DB27AD1F04F095003CBF9E /* Release */ = {
			isa = XCBuildConfiguration;
			baseConfigurationReference = 55B2B3E902A170E39D2899CF /* Pods-NewsFeed.release.xcconfig */;
			buildSettings = {
				ASSETCATALOG_COMPILER_APPICON_NAME = AppIcon;
				DEVELOPMENT_TEAM = 8RL6L8B3Q4;
				INFOPLIST_FILE = NewsFeed/Info.plist;
				IPHONEOS_DEPLOYMENT_TARGET = 10.0;
				LD_RUNPATH_SEARCH_PATHS = "$(inherited) @executable_path/Frameworks";
				PRODUCT_BUNDLE_IDENTIFIER = com.Chris.TestProject.NewsFeed;
				PRODUCT_NAME = "$(TARGET_NAME)";
				SWIFT_VERSION = 3.0;
			};
			name = Release;
		};
/* End XCBuildConfiguration section */

/* Begin XCConfigurationList section */
		B6DB27911F04F095003CBF9E /* Build configuration list for PBXProject "NewsFeed" */ = {
			isa = XCConfigurationList;
			buildConfigurations = (
				B6DB27A91F04F095003CBF9E /* Debug */,
				B6DB27AA1F04F095003CBF9E /* Release */,
			);
			defaultConfigurationIsVisible = 0;
			defaultConfigurationName = Release;
		};
		B6DB27AB1F04F095003CBF9E /* Build configuration list for PBXNativeTarget "NewsFeed" */ = {
			isa = XCConfigurationList;
			buildConfigurations = (
				B6DB27AC1F04F095003CBF9E /* Debug */,
				B6DB27AD1F04F095003CBF9E /* Release */,
			);
			defaultConfigurationIsVisible = 0;
			defaultConfigurationName = Release;
		};
/* End XCConfigurationList section */

/* Begin XCVersionGroup section */
		B6DB27A01F04F095003CBF9E /* NewsFeed.xcdatamodeld */ = {
			isa = XCVersionGroup;
			children = (
				B6DB27A11F04F095003CBF9E /* NewsFeed.xcdatamodel */,
			);
			currentVersion = B6DB27A11F04F095003CBF9E /* NewsFeed.xcdatamodel */;
			path = NewsFeed.xcdatamodeld;
			sourceTree = "<group>";
			versionGroupType = wrapper.xcdatamodel;
		};
/* End XCVersionGroup section */
	};
	rootObject = B6DB278E1F04F095003CBF9E /* Project object */;
}
